
Microsoft Visual Studio Solution File, Format Version 12.00
# Visual Studio 2012
Project("{FAE04EC0-301F-11D3-BF4B-00C04F79EFBC}") = "BarterTradingWebServices", "BarterTradingWebServices\BarterTradingWebServices.csproj", "{533511EF-D74F-4585-9CE2-E550DD7056E5}"
EndProject
Project("{2150E333-8FDC-42A3-9474-1A3956D46DE8}") = "Solution Items", "Solution Items", "{37F2BA0C-17FD-48E3-A40B-6F0B4F0D6130}"
	ProjectSection(SolutionItems) = preProject
		BarterTrading.azurewebsites.net.PublishSettings = BarterTrading.azurewebsites.net.PublishSettings
	EndProjectSection
EndProject
Project("{CC5FD16D-436D-48AD-A40C-5A424C6E3E79}") = "BarterTradingWeb.Azure", "BarterTradingWebServices.Azure\BarterTradingWeb.Azure.ccproj", "{E77EF4A4-13EA-4B2C-8AD3-526780598A20}"
EndProject
Global
	GlobalSection(SolutionConfigurationPlatforms) = preSolution
		Debug|Any CPU = Debug|Any CPU
		Release|Any CPU = Release|Any CPU
	EndGlobalSection
	GlobalSection(ProjectConfigurationPlatforms) = postSolution
		{533511EF-D74F-4585-9CE2-E550DD7056E5}.Debug|Any CPU.ActiveCfg = Debug|Any CPU
		{533511EF-D74F-4585-9CE2-E550DD7056E5}.Debug|Any CPU.Build.0 = Debug|Any CPU
		{533511EF-D74F-4585-9CE2-E550DD7056E5}.Release|Any CPU.ActiveCfg = Release|Any CPU
		{533511EF-D74F-4585-9CE2-E550DD7056E5}.Release|Any CPU.Build.0 = Release|Any CPU
		{E77EF4A4-13EA-4B2C-8AD3-526780598A20}.Debug|Any CPU.ActiveCfg = Debug|Any CPU
		{E77EF4A4-13EA-4B2C-8AD3-526780598A20}.Debug|Any CPU.Build.0 = Debug|Any CPU
		{E77EF4A4-13EA-4B2C-8AD3-526780598A20}.Release|Any CPU.ActiveCfg = Release|Any CPU
		{E77EF4A4-13EA-4B2C-8AD3-526780598A20}.Release|Any CPU.Build.0 = Release|Any CPU
	EndGlobalSection
	GlobalSection(SolutionProperties) = preSolution
		HideSolutionNode = FALSE
	EndGlobalSection
EndGlobal
